
Microsoft Visual Studio Solution File, Format Version 12.00
# Visual Studio Version 16
VisualStudioVersion = 16.0.29403.142
MinimumVisualStudioVersion = 10.0.40219.1
Project("{FAE04EC0-301F-11D3-BF4B-00C04F79EFBC}") = "Top_Mesto_55", "Top_Mesto_55\Top_Mesto_55.csproj", "{4CF5DBB7-65D4-466B-AAA4-E1790E3FF03F}"
EndProject
Global
	GlobalSection(SolutionConfigurationPlatforms) = preSolution
		Debug|Any CPU = Debug|Any CPU
		Release|Any CPU = Release|Any CPU
	EndGlobalSection
	GlobalSection(ProjectConfigurationPlatforms) = postSolution
		{4CF5DBB7-65D4-466B-AAA4-E1790E3FF03F}.Debug|Any CPU.ActiveCfg = Debug|Any CPU
		{4CF5DBB7-65D4-466B-AAA4-E1790E3FF03F}.Debug|Any CPU.Build.0 = Debug|Any CPU
		{4CF5DBB7-65D4-466B-AAA4-E1790E3FF03F}.Release|Any CPU.ActiveCfg = Release|Any CPU
		{4CF5DBB7-65D4-466B-AAA4-E1790E3FF03F}.Release|Any CPU.Build.0 = Release|Any CPU
	EndGlobalSection
	GlobalSection(SolutionProperties) = preSolution
		HideSolutionNode = FALSE
	EndGlobalSection
	GlobalSection(ExtensibilityGlobals) = postSolution
		SolutionGuid = {7CEAB5AF-7C68-4821-9014-B0EE5DEDC8DA}
	EndGlobalSection
EndGlobal
